
Microsoft Visual Studio Solution File, Format Version 12.00
# Visual Studio Version 17
VisualStudioVersion = 17.0.32014.148
MinimumVisualStudioVersion = 10.0.40219.1
Project("{FAE04EC0-301F-11D3-BF4B-00C04F79EFBC}") = "PomodoroPlatzi.UWP", "PomodoroPlatzi\PomodoroPlatzi.UWP\PomodoroPlatzi.UWP.csproj", "{CDED0171-320D-4FE5-8FE6-B7E6FEEBA894}"
EndProject
Project("{FAE04EC0-301F-11D3-BF4B-00C04F79EFBC}") = "PomodoroPlatzi.Android", "PomodoroPlatzi\PomodoroPlatzi.Android\PomodoroPlatzi.Android.csproj", "{931726A2-5EE8-4DD8-BD8A-313813A10CF1}"
EndProject
Project("{FAE04EC0-301F-11D3-BF4B-00C04F79EFBC}") = "PomodoroPlatzi.iOS", "PomodoroPlatzi\PomodoroPlatzi.iOS\PomodoroPlatzi.iOS.csproj", "{35DC9ADB-E6F6-4C2B-AFB0-7FC163171CEA}"
EndProject
Project("{FAE04EC0-301F-11D3-BF4B-00C04F79EFBC}") = "PomodoroPlatzi", "PomodoroPlatzi\PomodoroPlatzi\PomodoroPlatzi.csproj", "{0EC0A2E2-B81E-4599-866A-48C934AC787B}"
EndProject
Global
	GlobalSection(SolutionConfigurationPlatforms) = preSolution
		Debug|Any CPU = Debug|Any CPU
		Debug|ARM = Debug|ARM
		Debug|iPhone = Debug|iPhone
		Debug|iPhoneSimulator = Debug|iPhoneSimulator
		Debug|x64 = Debug|x64
		Debug|x86 = Debug|x86
		Release|Any CPU = Release|Any CPU
		Release|ARM = Release|ARM
		Release|iPhone = Release|iPhone
		Release|iPhoneSimulator = Release|iPhoneSimulator
		Release|x64 = Release|x64
		Release|x86 = Release|x86
	EndGlobalSection
	GlobalSection(ProjectConfigurationPlatforms) = postSolution
		{CDED0171-320D-4FE5-8FE6-B7E6FEEBA894}.Debug|Any CPU.ActiveCfg = Debug|x64
		{CDED0171-320D-4FE5-8FE6-B7E6FEEBA894}.Debug|Any CPU.Build.0 = Debug|x64
		{CDED0171-320D-4FE5-8FE6-B7E6FEEBA894}.Debug|Any CPU.Deploy.0 = Debug|x64
		{CDED0171-320D-4FE5-8FE6-B7E6FEEBA894}.Debug|ARM.ActiveCfg = Debug|ARM
		{CDED0171-320D-4FE5-8FE6-B7E6FEEBA894}.Debug|ARM.Build.0 = Debug|ARM
		{CDED0171-320D-4FE5-8FE6-B7E6FEEBA894}.Debug|ARM.Deploy.0 = Debug|ARM
		{CDED0171-320D-4FE5-8FE6-B7E6FEEBA894}.Debug|iPhone.ActiveCfg = Debug|x64
		{CDED0171-320D-4FE5-8FE6-B7E6FEEBA894}.Debug|iPhone.Build.0 = Debug|x64
		{CDED0171-320D-4FE5-8FE6-B7E6FEEBA894}.Debug|iPhone.Deploy.0 = Debug|x64
		{CDED0171-320D-4FE5-8FE6-B7E6FEEBA894}.Debug|iPhoneSimulator.ActiveCfg = Debug|x64
		{CDED0171-320D-4FE5-8FE6-B7E6FEEBA894}.Debug|iPhoneSimulator.Build.0 = Debug|x64
		{CDED0171-320D-4FE5-8FE6-B7E6FEEBA894}.Debug|iPhoneSimulator.Deploy.0 = Debug|x64
		{CDED0171-320D-4FE5-8FE6-B7E6FEEBA894}.Debug|x64.ActiveCfg = Debug|x64
		{CDED0171-320D-4FE5-8FE6-B7E6FEEBA894}.Debug|x64.Build.0 = Debug|x64
		{CDED0171-320D-4FE5-8FE6-B7E6FEEBA894}.Debug|x64.Deploy.0 = Debug|x64
		{CDED0171-320D-4FE5-8FE6-B7E6FEEBA894}.Debug|x86.ActiveCfg = Debug|x86
		{CDED0171-320D-4FE5-8FE6-B7E6FEEBA894}.Debug|x86.Build.0 = Debug|x86
		{CDED0171-320D-4FE5-8FE6-B7E6FEEBA894}.Debug|x86.Deploy.0 = Debug|x86
		{CDED0171-320D-4FE5-8FE6-B7E6FEEBA894}.Release|Any CPU.ActiveCfg = Release|x64
		{CDED0171-320D-4FE5-8FE6-B7E6FEEBA894}.Release|Any CPU.Build.0 = Release|x64
		{CDED0171-320D-4FE5-8FE6-B7E6FEEBA894}.Release|Any CPU.Deploy.0 = Release|x64
		{CDED0171-320D-4FE5-8FE6-B7E6FEEBA894}.Release|ARM.ActiveCfg = Release|ARM
		{CDED0171-320D-4FE5-8FE6-B7E6FEEBA894}.Release|ARM.Build.0 = Release|ARM
		{CDED0171-320D-4FE5-8FE6-B7E6FEEBA894}.Release|ARM.Deploy.0 = Release|ARM
		{CDED0171-320D-4FE5-8FE6-B7E6FEEBA894}.Release|iPhone.ActiveCfg = Release|x64
		{CDED0171-320D-4FE5-8FE6-B7E6FEEBA894}.Release|iPhone.Build.0 = Release|x64
		{CDED0171-320D-4FE5-8FE6-B7E6FEEBA894}.Release|iPhone.Deploy.0 = Release|x64
		{CDED0171-320D-4FE5-8FE6-B7E6FEEBA894}.Release|iPhoneSimulator.ActiveCfg = Release|x64
		{CDED0171-320D-4FE5-8FE6-B7E6FEEBA894}.Release|iPhoneSimulator.Build.0 = Release|x64
		{CDED0171-320D-4FE5-8FE6-B7E6FEEBA894}.Release|iPhoneSimulator.Deploy.0 = Release|x64
		{CDED0171-320D-4FE5-8FE6-B7E6FEEBA894}.Release|x64.ActiveCfg = Release|x64
		{CDED0171-320D-4FE5-8FE6-B7E6FEEBA894}.Release|x64.Build.0 = Release|x64
		{CDED0171-320D-4FE5-8FE6-B7E6FEEBA894}.Release|x64.Deploy.0 = Release|x64
		{CDED0171-320D-4FE5-8FE6-B7E6FEEBA894}.Release|x86.ActiveCfg = Release|x86
		{CDED0171-320D-4FE5-8FE6-B7E6FEEBA894}.Release|x86.Build.0 = Release|x86
		{CDED0171-320D-4FE5-8FE6-B7E6FEEBA894}.Release|x86.Deploy.0 = Release|x86
		{931726A2-5EE8-4DD8-BD8A-313813A10CF1}.Debug|Any CPU.ActiveCfg = Debug|Any CPU
		{931726A2-5EE8-4DD8-BD8A-313813A10CF1}.Debug|Any CPU.Build.0 = Debug|Any CPU
		{931726A2-5EE8-4DD8-BD8A-313813A10CF1}.Debug|Any CPU.Deploy.0 = Debug|Any CPU
		{931726A2-5EE8-4DD8-BD8A-313813A10CF1}.Debug|ARM.ActiveCfg = Debug|Any CPU
		{931726A2-5EE8-4DD8-BD8A-313813A10CF1}.Debug|ARM.Build.0 = Debug|Any CPU
		{931726A2-5EE8-4DD8-BD8A-313813A10CF1}.Debug|ARM.Deploy.0 = Debug|Any CPU
		{931726A2-5EE8-4DD8-BD8A-313813A10CF1}.Debug|iPhone.ActiveCfg = Debug|Any CPU
		{931726A2-5EE8-4DD8-BD8A-313813A10CF1}.Debug|iPhone.Build.0 = Debug|Any CPU
		{931726A2-5EE8-4DD8-BD8A-313813A10CF1}.Debug|iPhone.Deploy.0 = Debug|Any CPU
		{931726A2-5EE8-4DD8-BD8A-313813A10CF1}.Debug|iPhoneSimulator.ActiveCfg = Debug|Any CPU
		{931726A2-5EE8-4DD8-BD8A-313813A10CF1}.Debug|iPhoneSimulator.Build.0 = Debug|Any CPU
		{931726A2-5EE8-4DD8-BD8A-313813A10CF1}.Debug|iPhoneSimulator.Deploy.0 = Debug|Any CPU
		{931726A2-5EE8-4DD8-BD8A-313813A10CF1}.Debug|x64.ActiveCfg = Debug|Any CPU
		{931726A2-5EE8-4DD8-BD8A-313813A10CF1}.Debug|x64.Build.0 = Debug|Any CPU
		{931726A2-5EE8-4DD8-BD8A-313813A10CF1}.Debug|x64.Deploy.0 = Debug|Any CPU
		{931726A2-5EE8-4DD8-BD8A-313813A10CF1}.Debug|x86.ActiveCfg = Debug|Any CPU
		{931726A2-5EE8-4DD8-BD8A-313813A10CF1}.Debug|x86.Build.0 = Debug|Any CPU
		{931726A2-5EE8-4DD8-BD8A-313813A10CF1}.Debug|x86.Deploy.0 = Debug|Any CPU
		{931726A2-5EE8-4DD8-BD8A-313813A10CF1}.Release|Any CPU.ActiveCfg = Release|Any CPU
		{931726A2-5EE8-4DD8-BD8A-313813A10CF1}.Release|Any CPU.Build.0 = Release|Any CPU
		{931726A2-5EE8-4DD8-BD8A-313813A10CF1}.Release|Any CPU.Deploy.0 = Release|Any CPU
		{931726A2-5EE8-4DD8-BD8A-313813A10CF1}.Release|ARM.ActiveCfg = Release|Any CPU
		{931726A2-5EE8-4DD8-BD8A-313813A10CF1}.Release|ARM.Build.0 = Release|Any CPU
		{931726A2-5EE8-4DD8-BD8A-313813A10CF1}.Release|ARM.Deploy.0 = Release|Any CPU
		{931726A2-5EE8-4DD8-BD8A-313813A10CF1}.Release|iPhone.ActiveCfg = Release|Any CPU
		{931726A2-5EE8-4DD8-BD8A-313813A10CF1}.Release|iPhone.Build.0 = Release|Any CPU
		{931726A2-5EE8-4DD8-BD8A-313813A10CF1}.Release|iPhone.Deploy.0 = Release|Any CPU
		{931726A2-5EE8-4DD8-BD8A-313813A10CF1}.Release|iPhoneSimulator.ActiveCfg = Release|Any CPU
		{931726A2-5EE8-4DD8-BD8A-313813A10CF1}.Release|iPhoneSimulator.Build.0 = Release|Any CPU
		{931726A2-5EE8-4DD8-BD8A-313813A10CF1}.Release|iPhoneSimulator.Deploy.0 = Release|Any CPU
		{931726A2-5EE8-4DD8-BD8A-313813A10CF1}.Release|x64.ActiveCfg = Release|Any CPU
		{931726A2-5EE8-4DD8-BD8A-313813A10CF1}.Release|x64.Build.0 = Release|Any CPU
		{931726A2-5EE8-4DD8-BD8A-313813A10CF1}.Release|x64.Deploy.0 = Release|Any CPU
		{931726A2-5EE8-4DD8-BD8A-313813A10CF1}.Release|x86.ActiveCfg = Release|Any CPU
		{931726A2-5EE8-4DD8-BD8A-313813A10CF1}.Release|x86.Build.0 = Release|Any CPU
		{931726A2-5EE8-4DD8-BD8A-313813A10CF1}.Release|x86.Deploy.0 = Release|Any CPU
		{35DC9ADB-E6F6-4C2B-AFB0-7FC163171CEA}.Debug|Any CPU.ActiveCfg = Debug|iPhoneSimulator
		{35DC9ADB-E6F6-4C2B-AFB0-7FC163171CEA}.Debug|Any CPU.Build.0 = Debug|iPhoneSimulator
		{35DC9ADB-E6F6-4C2B-AFB0-7FC163171CEA}.Debug|Any CPU.Deploy.0 = Debug|iPhoneSimulator
		{35DC9ADB-E6F6-4C2B-AFB0-7FC163171CEA}.Debug|ARM.ActiveCfg = Debug|iPhoneSimulator
		{35DC9ADB-E6F6-4C2B-AFB0-7FC163171CEA}.Debug|ARM.Build.0 = Debug|iPhoneSimulator
		{35DC9ADB-E6F6-4C2B-AFB0-7FC163171CEA}.Debug|ARM.Deploy.0 = Debug|iPhoneSimulator
		{35DC9ADB-E6F6-4C2B-AFB0-7FC163171CEA}.Debug|iPhone.ActiveCfg = Debug|iPhone
		{35DC9ADB-E6F6-4C2B-AFB0-7FC163171CEA}.Debug|iPhone.Build.0 = Debug|iPhone
		{35DC9ADB-E6F6-4C2B-AFB0-7FC163171CEA}.Debug|iPhone.Deploy.0 = Debug|iPhone
		{35DC9ADB-E6F6-4C2B-AFB0-7FC163171CEA}.Debug|iPhoneSimulator.ActiveCfg = Debug|iPhoneSimulator
		{35DC9ADB-E6F6-4C2B-AFB0-7FC163171CEA}.Debug|iPhoneSimulator.Build.0 = Debug|iPhoneSimulator
		{35DC9ADB-E6F6-4C2B-AFB0-7FC163171CEA}.Debug|iPhoneSimulator.Deploy.0 = Debug|iPhoneSimulator
		{35DC9ADB-E6F6-4C2B-AFB0-7FC163171CEA}.Debug|x64.ActiveCfg = Debug|iPhone
		{35DC9ADB-E6F6-4C2B-AFB0-7FC163171CEA}.Debug|x64.Build.0 = Debug|iPhone
		{35DC9ADB-E6F6-4C2B-AFB0-7FC163171CEA}.Debug|x64.Deploy.0 = Debug|iPhone
		{35DC9ADB-E6F6-4C2B-AFB0-7FC163171CEA}.Debug|x86.ActiveCfg = Debug|iPhoneSimulator
		{35DC9ADB-E6F6-4C2B-AFB0-7FC163171CEA}.Debug|x86.Build.0 = Debug|iPhoneSimulator
		{35DC9ADB-E6F6-4C2B-AFB0-7FC163171CEA}.Debug|x86.Deploy.0 = Debug|iPhoneSimulator
		{35DC9ADB-E6F6-4C2B-AFB0-7FC163171CEA}.Release|Any CPU.ActiveCfg = Release|iPhoneSimulator
		{35DC9ADB-E6F6-4C2B-AFB0-7FC163171CEA}.Release|Any CPU.Build.0 = Release|iPhoneSimulator
		{35DC9ADB-E6F6-4C2B-AFB0-7FC163171CEA}.Release|Any CPU.Deploy.0 = Release|iPhoneSimulator
		{35DC9ADB-E6F6-4C2B-AFB0-7FC163171CEA}.Release|ARM.ActiveCfg = Release|iPhoneSimulator
		{35DC9ADB-E6F6-4C2B-AFB0-7FC163171CEA}.Release|ARM.Build.0 = Release|iPhoneSimulator
		{35DC9ADB-E6F6-4C2B-AFB0-7FC163171CEA}.Release|ARM.Deploy.0 = Release|iPhoneSimulator
		{35DC9ADB-E6F6-4C2B-AFB0-7FC163171CEA}.Release|iPhone.ActiveCfg = Release|iPhone
		{35DC9ADB-E6F6-4C2B-AFB0-7FC163171CEA}.Release|iPhone.Build.0 = Release|iPhone
		{35DC9ADB-E6F6-4C2B-AFB0-7FC163171CEA}.Release|iPhone.Deploy.0 = Release|iPhone
		{35DC9ADB-E6F6-4C2B-AFB0-7FC163171CEA}.Release|iPhoneSimulator.ActiveCfg = Release|iPhoneSimulator
		{35DC9ADB-E6F6-4C2B-AFB0-7FC163171CEA}.Release|iPhoneSimulator.Build.0 = Release|iPhoneSimulator
		{35DC9ADB-E6F6-4C2B-AFB0-7FC163171CEA}.Release|iPhoneSimulator.Deploy.0 = Release|iPhoneSimulator
		{35DC9ADB-E6F6-4C2B-AFB0-7FC163171CEA}.Release|x64.ActiveCfg = Release|iPhoneSimulator
		{35DC9ADB-E6F6-4C2B-AFB0-7FC163171CEA}.Release|x64.Build.0 = Release|iPhoneSimulator
		{35DC9ADB-E6F6-4C2B-AFB0-7FC163171CEA}.Release|x64.Deploy.0 = Release|iPhoneSimulator
		{35DC9ADB-E6F6-4C2B-AFB0-7FC163171CEA}.Release|x86.ActiveCfg = Release|iPhoneSimulator
		{35DC9ADB-E6F6-4C2B-AFB0-7FC163171CEA}.Release|x86.Build.0 = Release|iPhoneSimulator
		{35DC9ADB-E6F6-4C2B-AFB0-7FC163171CEA}.Release|x86.Deploy.0 = Release|iPhoneSimulator
		{0EC0A2E2-B81E-4599-866A-48C934AC787B}.Debug|Any CPU.ActiveCfg = Debug|Any CPU
		{0EC0A2E2-B81E-4599-866A-48C934AC787B}.Debug|Any CPU.Build.0 = Debug|Any CPU
		{0EC0A2E2-B81E-4599-866A-48C934AC787B}.Debug|Any CPU.Deploy.0 = Debug|Any CPU
		{0EC0A2E2-B81E-4599-866A-48C934AC787B}.Debug|ARM.ActiveCfg = Debug|Any CPU
		{0EC0A2E2-B81E-4599-866A-48C934AC787B}.Debug|ARM.Build.0 = Debug|Any CPU
		{0EC0A2E2-B81E-4599-866A-48C934AC787B}.Debug|ARM.Deploy.0 = Debug|Any CPU
		{0EC0A2E2-B81E-4599-866A-48C934AC787B}.Debug|iPhone.ActiveCfg = Debug|Any CPU
		{0EC0A2E2-B81E-4599-866A-48C934AC787B}.Debug|iPhone.Build.0 = Debug|Any CPU
		{0EC0A2E2-B81E-4599-866A-48C934AC787B}.Debug|iPhone.Deploy.0 = Debug|Any CPU
		{0EC0A2E2-B81E-4599-866A-48C934AC787B}.Debug|iPhoneSimulator.ActiveCfg = Debug|Any CPU
		{0EC0A2E2-B81E-4599-866A-48C934AC787B}.Debug|iPhoneSimulator.Build.0 = Debug|Any CPU
		{0EC0A2E2-B81E-4599-866A-48C934AC787B}.Debug|iPhoneSimulator.Deploy.0 = Debug|Any CPU
		{0EC0A2E2-B81E-4599-866A-48C934AC787B}.Debug|x64.ActiveCfg = Debug|Any CPU
		{0EC0A2E2-B81E-4599-866A-48C934AC787B}.Debug|x64.Build.0 = Debug|Any CPU
		{0EC0A2E2-B81E-4599-866A-48C934AC787B}.Debug|x64.Deploy.0 = Debug|Any CPU
		{0EC0A2E2-B81E-4599-866A-48C934AC787B}.Debug|x86.ActiveCfg = Debug|Any CPU
		{0EC0A2E2-B81E-4599-866A-48C934AC787B}.Debug|x86.Build.0 = Debug|Any CPU
		{0EC0A2E2-B81E-4599-866A-48C934AC787B}.Debug|x86.Deploy.0 = Debug|Any CPU
		{0EC0A2E2-B81E-4599-866A-48C934AC787B}.Release|Any CPU.ActiveCfg = Release|Any CPU
		{0EC0A2E2-B81E-4599-866A-48C934AC787B}.Release|Any CPU.Build.0 = Release|Any CPU
		{0EC0A2E2-B81E-4599-866A-48C934AC787B}.Release|Any CPU.Deploy.0 = Release|Any CPU
		{0EC0A2E2-B81E-4599-866A-48C934AC787B}.Release|ARM.ActiveCfg = Release|Any CPU
		{0EC0A2E2-B81E-4599-866A-48C934AC787B}.Release|ARM.Build.0 = Release|Any CPU
		{0EC0A2E2-B81E-4599-866A-48C934AC787B}.Release|ARM.Deploy.0 = Release|Any CPU
		{0EC0A2E2-B81E-4599-866A-48C934AC787B}.Release|iPhone.ActiveCfg = Release|Any CPU
		{0EC0A2E2-B81E-4599-866A-48C934AC787B}.Release|iPhone.Build.0 = Release|Any CPU
		{0EC0A2E2-B81E-4599-866A-48C934AC787B}.Release|iPhone.Deploy.0 = Release|Any CPU
		{0EC0A2E2-B81E-4599-866A-48C934AC787B}.Release|iPhoneSimulator.ActiveCfg = Release|Any CPU
		{0EC0A2E2-B81E-4599-866A-48C934AC787B}.Release|iPhoneSimulator.Build.0 = Release|Any CPU
		{0EC0A2E2-B81E-4599-866A-48C934AC787B}.Release|iPhoneSimulator.Deploy.0 = Release|Any CPU
		{0EC0A2E2-B81E-4599-866A-48C934AC787B}.Release|x64.ActiveCfg = Release|Any CPU
		{0EC0A2E2-B81E-4599-866A-48C934AC787B}.Release|x64.Build.0 = Release|Any CPU
		{0EC0A2E2-B81E-4599-866A-48C934AC787B}.Release|x64.Deploy.0 = Release|Any CPU
		{0EC0A2E2-B81E-4599-866A-48C934AC787B}.Release|x86.ActiveCfg = Release|Any CPU
		{0EC0A2E2-B81E-4599-866A-48C934AC787B}.Release|x86.Build.0 = Release|Any CPU
		{0EC0A2E2-B81E-4599-866A-48C934AC787B}.Release|x86.Deploy.0 = Release|Any CPU
	EndGlobalSection
	GlobalSection(SolutionProperties) = preSolution
		HideSolutionNode = FALSE
	EndGlobalSection
	GlobalSection(ExtensibilityGlobals) = postSolution
		SolutionGuid = {CEDD4867-63B0-453A-AE66-3396E88C777F}
	EndGlobalSection
EndGlobal
